# THIS IS AN AUTOGENERATED FILE. DO NOT EDIT THIS FILE DIRECTLY.
# yarn lockfile v1


highcharts@^9.0.0:
  version "9.0.0"
  resolved "https://registry.yarnpkg.com/highcharts/-/highcharts-9.0.0.tgz#2e5d382481f71c50ac7f086e7bdead394fab71d4"
  integrity sha512-MJCtidFytGSQvsV3OEM+vFTLpjUcp7jmFpLn8h3oL4WKp0gxUOQg6Nw00sqMWGdiadst0gOZO4804zynTcYjZQ==

jquery@^3.5.1:
  version "3.5.1"
  resolved "https://registry.yarnpkg.com/jquery/-/jquery-3.5.1.tgz#d7b4d08e1bfdb86ad2f1a3d039ea17304717abb5"
  integrity sha512-XwIBPqcMn57FxfT+Go5pzySnm4KWkT1Tv7gjrpT1srtf8Weynl6R273VJ5GjkRb51IzMp5nbaPjJXMWeju2MKg==
